
Microsoft Visual Studio Solution File, Format Version 12.00
# Visual Studio Version 17
VisualStudioVersion = 17.8.34330.188
MinimumVisualStudioVersion = 10.0.40219.1
Project("{9A19103F-16F7-4668-BE54-9A1E7A4F7556}") = "Wedding.PublicApi", "Wedding.PublicApi\Wedding.PublicApi.csproj", "{88B259C3-EF15-45C8-B375-B1CD506620CD}"
EndProject
Project("{9A19103F-16F7-4668-BE54-9A1E7A4F7556}") = "Wedding.PublicApi.Logic", "Wedding.PublicApi.Logic\Wedding.PublicApi.Logic.csproj", "{49FC181F-9375-40BE-B68B-D7C7415A0965}"
EndProject
Project("{9A19103F-16F7-4668-BE54-9A1E7A4F7556}") = "Wedding.Abstractions", "Wedding.Abstractions\Wedding.Abstractions.csproj", "{6896B0EF-3D0D-4B58-905E-BDC7BC971DF7}"
EndProject
Project("{9A19103F-16F7-4668-BE54-9A1E7A4F7556}") = "Wedding.Common", "Wedding.Common\Wedding.Common.csproj", "{F721CB5D-68FE-44BF-9B96-AEA43A219288}"
EndProject
Project("{2150E333-8FDC-42A3-9474-1A3956D46DE8}") = "Tests", "Tests", "{9F8E0F09-12D0-4B24-80D3-84C87A6D3567}"
EndProject
Project("{9A19103F-16F7-4668-BE54-9A1E7A4F7556}") = "Wedding.Common.Utility.Testing", "Wedding.Common.Utility.Testing\Wedding.Common.Utility.Testing.csproj", "{CB4DAF9C-9E6A-4C88-83F4-BC0CF6395576}"
EndProject
Project("{9A19103F-16F7-4668-BE54-9A1E7A4F7556}") = "Wedding.Common.Web", "Wedding.Common.Web\Wedding.Common.Web.csproj", "{35E8A127-7171-4C45-8F9E-AC66710FC0D0}"
EndProject
Project("{9A19103F-16F7-4668-BE54-9A1E7A4F7556}") = "Wedding.PublicApi.Logic.UnitTests", "Wedding.PublicApi.Logic.UnitTests\Wedding.PublicApi.Logic.UnitTests.csproj", "{F72E8E13-BF46-4FCE-9778-276099AD1CE3}"
EndProject
Project("{9A19103F-16F7-4668-BE54-9A1E7A4F7556}") = "Wedding.Abstractions.UnitTests", "Wedding.Abstractions.UnitTests\Wedding.Abstractions.UnitTests.csproj", "{4DA13AEC-2D87-4AEE-9623-E14D2E40EB07}"
EndProject
Project("{2150E333-8FDC-42A3-9474-1A3956D46DE8}") = "Lambdas", "Lambdas", "{E6748537-5658-41F7-88E0-CC4AAADC5E97}"
EndProject
Project("{9A19103F-16F7-4668-BE54-9A1E7A4F7556}") = "Wedding.Lambdas.Admin.FamilyUnit.Create", "Wedding.Lambdas.Admin.FamilyUnit.Create\Wedding.Lambdas.Admin.FamilyUnit.Create.csproj", "{D8657A79-19E3-41BA-ABBF-C3539E70260E}"
EndProject
Project("{2150E333-8FDC-42A3-9474-1A3956D46DE8}") = "Lambda", "Lambda", "{A5D3065A-9FCC-4C90-B5A0-918538EDDC52}"
EndProject
Project("{9A19103F-16F7-4668-BE54-9A1E7A4F7556}") = "Wedding.Lambdas.UnitTests", "Wedding.Lambdas.UnitTests\Wedding.Lambdas.UnitTests.csproj", "{C9941DFC-4EBE-4EF5-8E6B-EFCCCFF2BD18}"
EndProject
Project("{9A19103F-16F7-4668-BE54-9A1E7A4F7556}") = "Wedding.Lambdas.HelloWorld", "Wedding.Lambdas.HelloWorld\Wedding.Lambdas.HelloWorld.csproj", "{6DDA7029-926D-4100-A0D7-68B026A5CDFA}"
EndProject
Project("{9A19103F-16F7-4668-BE54-9A1E7A4F7556}") = "Wedding.Lambdas.Admin.FamilyUnit.Update", "Wedding.Lambdas.Admin.FamilyUnit.Update\Wedding.Lambdas.Admin.FamilyUnit.Update.csproj", "{0960AF14-5EFE-4BD2-9AF6-F51599DFE428}"
EndProject
Project("{9A19103F-16F7-4668-BE54-9A1E7A4F7556}") = "Wedding.Lambdas.Admin.FamilyUnit.Delete", "Wedding.Lambdas.Admin.FamilyUnit.Delete\Wedding.Lambdas.Admin.FamilyUnit.Delete.csproj", "{5073EA11-84FD-46FF-BE86-71F8DDB835A4}"
EndProject
Project("{9A19103F-16F7-4668-BE54-9A1E7A4F7556}") = "Wedding.Lambdas.FamilyUnit.Get", "Wedding.Lambdas.FamilyUnit.Get\Wedding.Lambdas.FamilyUnit.Get.csproj", "{49E522EE-EC92-4D86-B2F4-81B2878E33D5}"
EndProject
Project("{9A19103F-16F7-4668-BE54-9A1E7A4F7556}") = "Wedding.Lambdas.FamilyUnit.Update", "Wedding.Lambdas.FamilyUnit.Update\Wedding.Lambdas.FamilyUnit.Update.csproj", "{0605E1C4-C876-45F0-AF47-EB4820BA625A}"
EndProject
Project("{9A19103F-16F7-4668-BE54-9A1E7A4F7556}") = "Wedding.Lambdas.Validate.Address", "Wedding.Lambdas.Validate.Address\Wedding.Lambdas.Validate.Address.csproj", "{5527E21B-4DE2-4581-B11D-2B9A2DED8BEF}"
EndProject
Project("{9A19103F-16F7-4668-BE54-9A1E7A4F7556}") = "Wedding.Lambdas.Authorize", "Wedding.Lambdas.Authorize\Wedding.Lambdas.Authorize.csproj", "{F94B78DB-1261-44FB-85B8-06C50A76CD3F}"
EndProject
Project("{9A19103F-16F7-4668-BE54-9A1E7A4F7556}") = "Wedding.Lambdas.User.Get", "Wedding.Lambdas.User.Get\Wedding.Lambdas.User.Get.csproj", "{D76B5FD4-6EA7-4EC0-95C2-BB32ACE9D7FF}"
EndProject
Project("{9A19103F-16F7-4668-BE54-9A1E7A4F7556}") = "Wedding.Lambdas.User.Find", "Wedding.Lambdas.User.Find\Wedding.Lambdas.User.Find.csproj", "{DAD95F95-2803-46E5-ACCF-A20171977738}"
EndProject
Project("{9A19103F-16F7-4668-BE54-9A1E7A4F7556}") = "Wedding.Lambdas.Admin.FamilyUnit.Get", "Wedding.Lambdas.Admin.FamilyUnit.Get\Wedding.Lambdas.Admin.FamilyUnit.Get.csproj", "{EDB59F5C-0E79-41DC-A481-6C4A3339A65F}"
EndProject
Project("{9A19103F-16F7-4668-BE54-9A1E7A4F7556}") = "Wedding.Lambdas.Validate.Phone", "Wedding.Lambdas.Validate.Phone\Wedding.Lambdas.Validate.Phone.csproj", "{882EC571-C23D-413F-A046-12219DDEA421}"
EndProject
Project("{9A19103F-16F7-4668-BE54-9A1E7A4F7556}") = "Wedding.Abstractions.IntegrationTests", "Wedding.Abstractions.IntegrationTests\Wedding.Abstractions.IntegrationTests.csproj", "{E617EEF0-3116-44B1-954B-08ACBB132D64}"
EndProject
Project("{9A19103F-16F7-4668-BE54-9A1E7A4F7556}") = "Wedding.Lambdas.Admin.Setup", "Wedding.Lambdas.Admin.Setup\Wedding.Lambdas.Admin.Setup.csproj", "{BCBC73BA-E5C7-4CCC-983F-CD2F1ECE42B5}"
EndProject
Project("{9A19103F-16F7-4668-BE54-9A1E7A4F7556}") = "Wedding.Lambdas.FamilyUnit.Patch", "Wedding.Lambdas.FamilyUnit.Patch\Wedding.Lambdas.FamilyUnit.Patch.csproj", "{4074D969-F2A8-478C-9199-CA51A701B147}"
EndProject
Project("{9A19103F-16F7-4668-BE54-9A1E7A4F7556}") = "Wedding.Lambdas.Guest.Patch", "Wedding.Lambdas.Guest.Patch\Wedding.Lambdas.Guest.Patch.csproj", "{5E250480-09AE-4D83-B597-14F2C9A405B0}"
EndProject
Project("{9A19103F-16F7-4668-BE54-9A1E7A4F7556}") = "Wedding.Lambdas.Guest.MaskedValues.Get", "Wedding.Lambdas.Guest.MaskedValues.Get\Wedding.Lambdas.Guest.MaskedValues.Get.csproj", "{A8000375-CA8F-42E9-975A-76E79BD02B26}"
EndProject
Project("{9A19103F-16F7-4668-BE54-9A1E7A4F7556}") = "Wedding.Lambdas.Validate.Email", "Wedding.Lambdas.Validate.Email\Wedding.Lambdas.Validate.Email.csproj", "{67686AFE-FF50-40B0-A882-46D00A1DE1BE}"
EndProject
Project("{9A19103F-16F7-4668-BE54-9A1E7A4F7556}") = "Wedding.Lambdas.User.Patch", "Wedding.Lambdas.User.Patch\Wedding.Lambdas.User.Patch.csproj", "{1A7FD4A8-49FC-4A6F-A42B-86B7C22AF4E2}"
EndProject
Project("{9A19103F-16F7-4668-BE54-9A1E7A4F7556}") = "Wedding.Lambdas.Verify.Email", "Wedding.Lambdas.Verify.Email\Wedding.Lambdas.Verify.Email.csproj", "{34F302AD-BF9B-463A-B86B-1A4F689B5E31}"
EndProject
Project("{9A19103F-16F7-4668-BE54-9A1E7A4F7556}") = "Wedding.Lambdas.Stats.Get", "Wedding.Lambdas.Stats.Get\Wedding.Lambdas.Stats.Get.csproj", "{57EE044B-F7FB-41FB-9F50-91D18354E57D}"
EndProject
Project("{9A19103F-16F7-4668-BE54-9A1E7A4F7556}") = "Wedding.Lambdas.Health", "Wedding.Lambdas.Health\Wedding.Lambdas.Health.csproj", "{1CAC60CB-3802-4CFD-8D09-21317BA56433}"
EndProject
Project("{9A19103F-16F7-4668-BE54-9A1E7A4F7556}") = "Wedding.Lambdas.Admin.Configuration.Invitation", "Wedding.Lambdas.Admin.Configuration.Invitation\Wedding.Lambdas.Admin.Configuration.Invitation.csproj", "{0FC8A51A-B12D-4CCC-97A6-B24852BEA44F}"
EndProject
Project("{9A19103F-16F7-4668-BE54-9A1E7A4F7556}") = "Wedding.Common.FeatureFlags", "Wedding.Common.FeatureFlags\Wedding.Common.FeatureFlags.csproj", "{20F06BA5-238C-482E-8D8A-F4CA590F34D3}"
EndProject
Project("{2150E333-8FDC-42A3-9474-1A3956D46DE8}") = "Admin", "Admin", "{BC17B6CA-24BD-4477-97CA-0AD89E12BFFA}"
EndProject
Project("{2150E333-8FDC-42A3-9474-1A3956D46DE8}") = "Payments", "Payments", "{7CD5268F-8A5F-40B3-9E9C-7A287EE69D1D}"
EndProject
Project("{2150E333-8FDC-42A3-9474-1A3956D46DE8}") = "FamilyUnit", "FamilyUnit", "{1DD3AE6B-9CB8-49C9-9D0C-674B798A979E}"
EndProject
Project("{2150E333-8FDC-42A3-9474-1A3956D46DE8}") = "Guest", "Guest", "{7730E848-4E0D-42E5-AF32-64D03687C5EC}"
EndProject
Project("{2150E333-8FDC-42A3-9474-1A3956D46DE8}") = "User", "User", "{E16EC330-6156-4715-B0A8-245837C25711}"
EndProject
Project("{2150E333-8FDC-42A3-9474-1A3956D46DE8}") = "Verify", "Verify", "{A7CBB4A6-CB2A-4F72-820D-74BD10044AE7}"
EndProject
Project("{2150E333-8FDC-42A3-9474-1A3956D46DE8}") = "Health", "Health", "{EFCCD9E8-3E58-490D-B7A0-5358C029DA15}"
EndProject
Project("{2150E333-8FDC-42A3-9474-1A3956D46DE8}") = "Features", "Features", "{ED370F7C-E334-49EE-9C1B-71080288E078}"
EndProject
Project("{2150E333-8FDC-42A3-9474-1A3956D46DE8}") = "Auth", "Auth", "{4D449808-DD81-40A6-B859-86A8F0D278DD}"
EndProject
Project("{9A19103F-16F7-4668-BE54-9A1E7A4F7556}") = "Wedding.Lambdas.Payments.Intent", "Wedding.Lambdas.Payments.Intent\Wedding.Lambdas.Payments.Intent.csproj", "{AB4BED0E-3AC1-45FA-BA0D-6A676D6A2B00}"
EndProject
Project("{9A19103F-16F7-4668-BE54-9A1E7A4F7556}") = "Wedding.Lambdas.Payments.Contributions", "Wedding.Lambdas.Payments.Contributions\Wedding.Lambdas.Payments.Contributions.csproj", "{897C437B-9608-48EF-81D5-65F7ED2CF3EA}"
EndProject
Project("{9A19103F-16F7-4668-BE54-9A1E7A4F7556}") = "Wedding.Lambdas.Payments.Intent.Confirm", "Wedding.Lambdas.Payments.Intent.Confirm\Wedding.Lambdas.Payments.Intent.Confirm.csproj", "{AD687996-C49E-4A9C-B899-6B662C864F89}"
EndProject
Global
	GlobalSection(SolutionConfigurationPlatforms) = preSolution
		Debug|Any CPU = Debug|Any CPU
		Debug|x64 = Debug|x64
		Release|Any CPU = Release|Any CPU
		Release|x64 = Release|x64
	EndGlobalSection
	GlobalSection(ProjectConfigurationPlatforms) = postSolution
		{88B259C3-EF15-45C8-B375-B1CD506620CD}.Debug|Any CPU.ActiveCfg = Debug|Any CPU
		{88B259C3-EF15-45C8-B375-B1CD506620CD}.Debug|Any CPU.Build.0 = Debug|Any CPU
		{88B259C3-EF15-45C8-B375-B1CD506620CD}.Debug|x64.ActiveCfg = Debug|Any CPU
		{88B259C3-EF15-45C8-B375-B1CD506620CD}.Debug|x64.Build.0 = Debug|Any CPU
		{88B259C3-EF15-45C8-B375-B1CD506620CD}.Release|Any CPU.ActiveCfg = Release|Any CPU
		{88B259C3-EF15-45C8-B375-B1CD506620CD}.Release|Any CPU.Build.0 = Release|Any CPU
		{88B259C3-EF15-45C8-B375-B1CD506620CD}.Release|x64.ActiveCfg = Release|Any CPU
		{88B259C3-EF15-45C8-B375-B1CD506620CD}.Release|x64.Build.0 = Release|Any CPU
		{49FC181F-9375-40BE-B68B-D7C7415A0965}.Debug|Any CPU.ActiveCfg = Debug|Any CPU
		{49FC181F-9375-40BE-B68B-D7C7415A0965}.Debug|Any CPU.Build.0 = Debug|Any CPU
		{49FC181F-9375-40BE-B68B-D7C7415A0965}.Debug|x64.ActiveCfg = Debug|Any CPU
		{49FC181F-9375-40BE-B68B-D7C7415A0965}.Debug|x64.Build.0 = Debug|Any CPU
		{49FC181F-9375-40BE-B68B-D7C7415A0965}.Release|Any CPU.ActiveCfg = Release|Any CPU
		{49FC181F-9375-40BE-B68B-D7C7415A0965}.Release|Any CPU.Build.0 = Release|Any CPU
		{49FC181F-9375-40BE-B68B-D7C7415A0965}.Release|x64.ActiveCfg = Release|Any CPU
		{49FC181F-9375-40BE-B68B-D7C7415A0965}.Release|x64.Build.0 = Release|Any CPU
		{6896B0EF-3D0D-4B58-905E-BDC7BC971DF7}.Debug|Any CPU.ActiveCfg = Debug|Any CPU
		{6896B0EF-3D0D-4B58-905E-BDC7BC971DF7}.Debug|Any CPU.Build.0 = Debug|Any CPU
		{6896B0EF-3D0D-4B58-905E-BDC7BC971DF7}.Debug|x64.ActiveCfg = Debug|Any CPU
		{6896B0EF-3D0D-4B58-905E-BDC7BC971DF7}.Debug|x64.Build.0 = Debug|Any CPU
		{6896B0EF-3D0D-4B58-905E-BDC7BC971DF7}.Release|Any CPU.ActiveCfg = Release|Any CPU
		{6896B0EF-3D0D-4B58-905E-BDC7BC971DF7}.Release|Any CPU.Build.0 = Release|Any CPU
		{6896B0EF-3D0D-4B58-905E-BDC7BC971DF7}.Release|x64.ActiveCfg = Release|Any CPU
		{6896B0EF-3D0D-4B58-905E-BDC7BC971DF7}.Release|x64.Build.0 = Release|Any CPU
		{F721CB5D-68FE-44BF-9B96-AEA43A219288}.Debug|Any CPU.ActiveCfg = Debug|Any CPU
		{F721CB5D-68FE-44BF-9B96-AEA43A219288}.Debug|Any CPU.Build.0 = Debug|Any CPU
		{F721CB5D-68FE-44BF-9B96-AEA43A219288}.Debug|x64.ActiveCfg = Debug|Any CPU
		{F721CB5D-68FE-44BF-9B96-AEA43A219288}.Debug|x64.Build.0 = Debug|Any CPU
		{F721CB5D-68FE-44BF-9B96-AEA43A219288}.Release|Any CPU.ActiveCfg = Release|Any CPU
		{F721CB5D-68FE-44BF-9B96-AEA43A219288}.Release|Any CPU.Build.0 = Release|Any CPU
		{F721CB5D-68FE-44BF-9B96-AEA43A219288}.Release|x64.ActiveCfg = Release|Any CPU
		{F721CB5D-68FE-44BF-9B96-AEA43A219288}.Release|x64.Build.0 = Release|Any CPU
		{CB4DAF9C-9E6A-4C88-83F4-BC0CF6395576}.Debug|Any CPU.ActiveCfg = Debug|Any CPU
		{CB4DAF9C-9E6A-4C88-83F4-BC0CF6395576}.Debug|Any CPU.Build.0 = Debug|Any CPU
		{CB4DAF9C-9E6A-4C88-83F4-BC0CF6395576}.Debug|x64.ActiveCfg = Debug|Any CPU
		{CB4DAF9C-9E6A-4C88-83F4-BC0CF6395576}.Debug|x64.Build.0 = Debug|Any CPU
		{CB4DAF9C-9E6A-4C88-83F4-BC0CF6395576}.Release|Any CPU.ActiveCfg = Release|Any CPU
		{CB4DAF9C-9E6A-4C88-83F4-BC0CF6395576}.Release|Any CPU.Build.0 = Release|Any CPU
		{CB4DAF9C-9E6A-4C88-83F4-BC0CF6395576}.Release|x64.ActiveCfg = Release|Any CPU
		{CB4DAF9C-9E6A-4C88-83F4-BC0CF6395576}.Release|x64.Build.0 = Release|Any CPU
		{35E8A127-7171-4C45-8F9E-AC66710FC0D0}.Debug|Any CPU.ActiveCfg = Debug|Any CPU
		{35E8A127-7171-4C45-8F9E-AC66710FC0D0}.Debug|Any CPU.Build.0 = Debug|Any CPU
		{35E8A127-7171-4C45-8F9E-AC66710FC0D0}.Debug|x64.ActiveCfg = Debug|Any CPU
		{35E8A127-7171-4C45-8F9E-AC66710FC0D0}.Debug|x64.Build.0 = Debug|Any CPU
		{35E8A127-7171-4C45-8F9E-AC66710FC0D0}.Release|Any CPU.ActiveCfg = Release|Any CPU
		{35E8A127-7171-4C45-8F9E-AC66710FC0D0}.Release|Any CPU.Build.0 = Release|Any CPU
		{35E8A127-7171-4C45-8F9E-AC66710FC0D0}.Release|x64.ActiveCfg = Release|Any CPU
		{35E8A127-7171-4C45-8F9E-AC66710FC0D0}.Release|x64.Build.0 = Release|Any CPU
		{F72E8E13-BF46-4FCE-9778-276099AD1CE3}.Debug|Any CPU.ActiveCfg = Debug|Any CPU
		{F72E8E13-BF46-4FCE-9778-276099AD1CE3}.Debug|Any CPU.Build.0 = Debug|Any CPU
		{F72E8E13-BF46-4FCE-9778-276099AD1CE3}.Debug|x64.ActiveCfg = Debug|Any CPU
		{F72E8E13-BF46-4FCE-9778-276099AD1CE3}.Debug|x64.Build.0 = Debug|Any CPU
		{F72E8E13-BF46-4FCE-9778-276099AD1CE3}.Release|Any CPU.ActiveCfg = Release|Any CPU
		{F72E8E13-BF46-4FCE-9778-276099AD1CE3}.Release|Any CPU.Build.0 = Release|Any CPU
		{F72E8E13-BF46-4FCE-9778-276099AD1CE3}.Release|x64.ActiveCfg = Release|Any CPU
		{F72E8E13-BF46-4FCE-9778-276099AD1CE3}.Release|x64.Build.0 = Release|Any CPU
		{4DA13AEC-2D87-4AEE-9623-E14D2E40EB07}.Debug|Any CPU.ActiveCfg = Debug|Any CPU
		{4DA13AEC-2D87-4AEE-9623-E14D2E40EB07}.Debug|Any CPU.Build.0 = Debug|Any CPU
		{4DA13AEC-2D87-4AEE-9623-E14D2E40EB07}.Debug|x64.ActiveCfg = Debug|x64
		{4DA13AEC-2D87-4AEE-9623-E14D2E40EB07}.Debug|x64.Build.0 = Debug|x64
		{4DA13AEC-2D87-4AEE-9623-E14D2E40EB07}.Release|Any CPU.ActiveCfg = Release|Any CPU
		{4DA13AEC-2D87-4AEE-9623-E14D2E40EB07}.Release|Any CPU.Build.0 = Release|Any CPU
		{4DA13AEC-2D87-4AEE-9623-E14D2E40EB07}.Release|x64.ActiveCfg = Release|Any CPU
		{4DA13AEC-2D87-4AEE-9623-E14D2E40EB07}.Release|x64.Build.0 = Release|Any CPU
		{D8657A79-19E3-41BA-ABBF-C3539E70260E}.Debug|Any CPU.ActiveCfg = Debug|Any CPU
		{D8657A79-19E3-41BA-ABBF-C3539E70260E}.Debug|Any CPU.Build.0 = Debug|Any CPU
		{D8657A79-19E3-41BA-ABBF-C3539E70260E}.Debug|x64.ActiveCfg = Debug|Any CPU
		{D8657A79-19E3-41BA-ABBF-C3539E70260E}.Debug|x64.Build.0 = Debug|Any CPU
		{D8657A79-19E3-41BA-ABBF-C3539E70260E}.Release|Any CPU.ActiveCfg = Release|Any CPU
		{D8657A79-19E3-41BA-ABBF-C3539E70260E}.Release|Any CPU.Build.0 = Release|Any CPU
		{D8657A79-19E3-41BA-ABBF-C3539E70260E}.Release|x64.ActiveCfg = Release|Any CPU
		{D8657A79-19E3-41BA-ABBF-C3539E70260E}.Release|x64.Build.0 = Release|Any CPU
		{C9941DFC-4EBE-4EF5-8E6B-EFCCCFF2BD18}.Debug|Any CPU.ActiveCfg = Debug|Any CPU
		{C9941DFC-4EBE-4EF5-8E6B-EFCCCFF2BD18}.Debug|Any CPU.Build.0 = Debug|Any CPU
		{C9941DFC-4EBE-4EF5-8E6B-EFCCCFF2BD18}.Debug|x64.ActiveCfg = Debug|Any CPU
		{C9941DFC-4EBE-4EF5-8E6B-EFCCCFF2BD18}.Debug|x64.Build.0 = Debug|Any CPU
		{C9941DFC-4EBE-4EF5-8E6B-EFCCCFF2BD18}.Release|Any CPU.ActiveCfg = Release|Any CPU
		{C9941DFC-4EBE-4EF5-8E6B-EFCCCFF2BD18}.Release|Any CPU.Build.0 = Release|Any CPU
		{C9941DFC-4EBE-4EF5-8E6B-EFCCCFF2BD18}.Release|x64.ActiveCfg = Release|Any CPU
		{C9941DFC-4EBE-4EF5-8E6B-EFCCCFF2BD18}.Release|x64.Build.0 = Release|Any CPU
		{6DDA7029-926D-4100-A0D7-68B026A5CDFA}.Debug|Any CPU.ActiveCfg = Debug|Any CPU
		{6DDA7029-926D-4100-A0D7-68B026A5CDFA}.Debug|Any CPU.Build.0 = Debug|Any CPU
		{6DDA7029-926D-4100-A0D7-68B026A5CDFA}.Debug|x64.ActiveCfg = Debug|Any CPU
		{6DDA7029-926D-4100-A0D7-68B026A5CDFA}.Debug|x64.Build.0 = Debug|Any CPU
		{6DDA7029-926D-4100-A0D7-68B026A5CDFA}.Release|Any CPU.ActiveCfg = Release|Any CPU
		{6DDA7029-926D-4100-A0D7-68B026A5CDFA}.Release|Any CPU.Build.0 = Release|Any CPU
		{6DDA7029-926D-4100-A0D7-68B026A5CDFA}.Release|x64.ActiveCfg = Release|Any CPU
		{6DDA7029-926D-4100-A0D7-68B026A5CDFA}.Release|x64.Build.0 = Release|Any CPU
		{0960AF14-5EFE-4BD2-9AF6-F51599DFE428}.Debug|Any CPU.ActiveCfg = Debug|Any CPU
		{0960AF14-5EFE-4BD2-9AF6-F51599DFE428}.Debug|Any CPU.Build.0 = Debug|Any CPU
		{0960AF14-5EFE-4BD2-9AF6-F51599DFE428}.Debug|x64.ActiveCfg = Debug|Any CPU
		{0960AF14-5EFE-4BD2-9AF6-F51599DFE428}.Debug|x64.Build.0 = Debug|Any CPU
		{0960AF14-5EFE-4BD2-9AF6-F51599DFE428}.Release|Any CPU.ActiveCfg = Release|Any CPU
		{0960AF14-5EFE-4BD2-9AF6-F51599DFE428}.Release|Any CPU.Build.0 = Release|Any CPU
		{0960AF14-5EFE-4BD2-9AF6-F51599DFE428}.Release|x64.ActiveCfg = Release|Any CPU
		{0960AF14-5EFE-4BD2-9AF6-F51599DFE428}.Release|x64.Build.0 = Release|Any CPU
		{5073EA11-84FD-46FF-BE86-71F8DDB835A4}.Debug|Any CPU.ActiveCfg = Debug|Any CPU
		{5073EA11-84FD-46FF-BE86-71F8DDB835A4}.Debug|Any CPU.Build.0 = Debug|Any CPU
		{5073EA11-84FD-46FF-BE86-71F8DDB835A4}.Debug|x64.ActiveCfg = Debug|Any CPU
		{5073EA11-84FD-46FF-BE86-71F8DDB835A4}.Debug|x64.Build.0 = Debug|Any CPU
		{5073EA11-84FD-46FF-BE86-71F8DDB835A4}.Release|Any CPU.ActiveCfg = Release|Any CPU
		{5073EA11-84FD-46FF-BE86-71F8DDB835A4}.Release|Any CPU.Build.0 = Release|Any CPU
		{5073EA11-84FD-46FF-BE86-71F8DDB835A4}.Release|x64.ActiveCfg = Release|Any CPU
		{5073EA11-84FD-46FF-BE86-71F8DDB835A4}.Release|x64.Build.0 = Release|Any CPU
		{49E522EE-EC92-4D86-B2F4-81B2878E33D5}.Debug|Any CPU.ActiveCfg = Debug|Any CPU
		{49E522EE-EC92-4D86-B2F4-81B2878E33D5}.Debug|Any CPU.Build.0 = Debug|Any CPU
		{49E522EE-EC92-4D86-B2F4-81B2878E33D5}.Debug|x64.ActiveCfg = Debug|Any CPU
		{49E522EE-EC92-4D86-B2F4-81B2878E33D5}.Debug|x64.Build.0 = Debug|Any CPU
		{49E522EE-EC92-4D86-B2F4-81B2878E33D5}.Release|Any CPU.ActiveCfg = Release|Any CPU
		{49E522EE-EC92-4D86-B2F4-81B2878E33D5}.Release|Any CPU.Build.0 = Release|Any CPU
		{49E522EE-EC92-4D86-B2F4-81B2878E33D5}.Release|x64.ActiveCfg = Release|Any CPU
		{49E522EE-EC92-4D86-B2F4-81B2878E33D5}.Release|x64.Build.0 = Release|Any CPU
		{0605E1C4-C876-45F0-AF47-EB4820BA625A}.Debug|Any CPU.ActiveCfg = Debug|Any CPU
		{0605E1C4-C876-45F0-AF47-EB4820BA625A}.Debug|Any CPU.Build.0 = Debug|Any CPU
		{0605E1C4-C876-45F0-AF47-EB4820BA625A}.Debug|x64.ActiveCfg = Debug|Any CPU
		{0605E1C4-C876-45F0-AF47-EB4820BA625A}.Debug|x64.Build.0 = Debug|Any CPU
		{0605E1C4-C876-45F0-AF47-EB4820BA625A}.Release|Any CPU.ActiveCfg = Release|Any CPU
		{0605E1C4-C876-45F0-AF47-EB4820BA625A}.Release|Any CPU.Build.0 = Release|Any CPU
		{0605E1C4-C876-45F0-AF47-EB4820BA625A}.Release|x64.ActiveCfg = Release|Any CPU
		{0605E1C4-C876-45F0-AF47-EB4820BA625A}.Release|x64.Build.0 = Release|Any CPU
		{5527E21B-4DE2-4581-B11D-2B9A2DED8BEF}.Debug|Any CPU.ActiveCfg = Debug|Any CPU
		{5527E21B-4DE2-4581-B11D-2B9A2DED8BEF}.Debug|Any CPU.Build.0 = Debug|Any CPU
		{5527E21B-4DE2-4581-B11D-2B9A2DED8BEF}.Debug|x64.ActiveCfg = Debug|Any CPU
		{5527E21B-4DE2-4581-B11D-2B9A2DED8BEF}.Debug|x64.Build.0 = Debug|Any CPU
		{5527E21B-4DE2-4581-B11D-2B9A2DED8BEF}.Release|Any CPU.ActiveCfg = Release|Any CPU
		{5527E21B-4DE2-4581-B11D-2B9A2DED8BEF}.Release|Any CPU.Build.0 = Release|Any CPU
		{5527E21B-4DE2-4581-B11D-2B9A2DED8BEF}.Release|x64.ActiveCfg = Release|Any CPU
		{5527E21B-4DE2-4581-B11D-2B9A2DED8BEF}.Release|x64.Build.0 = Release|Any CPU
		{F94B78DB-1261-44FB-85B8-06C50A76CD3F}.Debug|Any CPU.ActiveCfg = Debug|Any CPU
		{F94B78DB-1261-44FB-85B8-06C50A76CD3F}.Debug|Any CPU.Build.0 = Debug|Any CPU
		{F94B78DB-1261-44FB-85B8-06C50A76CD3F}.Debug|x64.ActiveCfg = Debug|Any CPU
		{F94B78DB-1261-44FB-85B8-06C50A76CD3F}.Debug|x64.Build.0 = Debug|Any CPU
		{F94B78DB-1261-44FB-85B8-06C50A76CD3F}.Release|Any CPU.ActiveCfg = Release|Any CPU
		{F94B78DB-1261-44FB-85B8-06C50A76CD3F}.Release|Any CPU.Build.0 = Release|Any CPU
		{F94B78DB-1261-44FB-85B8-06C50A76CD3F}.Release|x64.ActiveCfg = Release|Any CPU
		{F94B78DB-1261-44FB-85B8-06C50A76CD3F}.Release|x64.Build.0 = Release|Any CPU
		{D76B5FD4-6EA7-4EC0-95C2-BB32ACE9D7FF}.Debug|Any CPU.ActiveCfg = Debug|Any CPU
		{D76B5FD4-6EA7-4EC0-95C2-BB32ACE9D7FF}.Debug|Any CPU.Build.0 = Debug|Any CPU
		{D76B5FD4-6EA7-4EC0-95C2-BB32ACE9D7FF}.Debug|x64.ActiveCfg = Debug|Any CPU
		{D76B5FD4-6EA7-4EC0-95C2-BB32ACE9D7FF}.Debug|x64.Build.0 = Debug|Any CPU
		{D76B5FD4-6EA7-4EC0-95C2-BB32ACE9D7FF}.Release|Any CPU.ActiveCfg = Release|Any CPU
		{D76B5FD4-6EA7-4EC0-95C2-BB32ACE9D7FF}.Release|Any CPU.Build.0 = Release|Any CPU
		{D76B5FD4-6EA7-4EC0-95C2-BB32ACE9D7FF}.Release|x64.ActiveCfg = Release|Any CPU
		{D76B5FD4-6EA7-4EC0-95C2-BB32ACE9D7FF}.Release|x64.Build.0 = Release|Any CPU
		{DAD95F95-2803-46E5-ACCF-A20171977738}.Debug|Any CPU.ActiveCfg = Debug|Any CPU
		{DAD95F95-2803-46E5-ACCF-A20171977738}.Debug|Any CPU.Build.0 = Debug|Any CPU
		{DAD95F95-2803-46E5-ACCF-A20171977738}.Debug|x64.ActiveCfg = Debug|Any CPU
		{DAD95F95-2803-46E5-ACCF-A20171977738}.Debug|x64.Build.0 = Debug|Any CPU
		{DAD95F95-2803-46E5-ACCF-A20171977738}.Release|Any CPU.ActiveCfg = Release|Any CPU
		{DAD95F95-2803-46E5-ACCF-A20171977738}.Release|Any CPU.Build.0 = Release|Any CPU
		{DAD95F95-2803-46E5-ACCF-A20171977738}.Release|x64.ActiveCfg = Release|Any CPU
		{DAD95F95-2803-46E5-ACCF-A20171977738}.Release|x64.Build.0 = Release|Any CPU
		{EDB59F5C-0E79-41DC-A481-6C4A3339A65F}.Debug|Any CPU.ActiveCfg = Debug|Any CPU
		{EDB59F5C-0E79-41DC-A481-6C4A3339A65F}.Debug|Any CPU.Build.0 = Debug|Any CPU
		{EDB59F5C-0E79-41DC-A481-6C4A3339A65F}.Debug|x64.ActiveCfg = Debug|Any CPU
		{EDB59F5C-0E79-41DC-A481-6C4A3339A65F}.Debug|x64.Build.0 = Debug|Any CPU
		{EDB59F5C-0E79-41DC-A481-6C4A3339A65F}.Release|Any CPU.ActiveCfg = Release|Any CPU
		{EDB59F5C-0E79-41DC-A481-6C4A3339A65F}.Release|Any CPU.Build.0 = Release|Any CPU
		{EDB59F5C-0E79-41DC-A481-6C4A3339A65F}.Release|x64.ActiveCfg = Release|Any CPU
		{EDB59F5C-0E79-41DC-A481-6C4A3339A65F}.Release|x64.Build.0 = Release|Any CPU
		{882EC571-C23D-413F-A046-12219DDEA421}.Debug|Any CPU.ActiveCfg = Debug|Any CPU
		{882EC571-C23D-413F-A046-12219DDEA421}.Debug|Any CPU.Build.0 = Debug|Any CPU
		{882EC571-C23D-413F-A046-12219DDEA421}.Debug|x64.ActiveCfg = Debug|Any CPU
		{882EC571-C23D-413F-A046-12219DDEA421}.Debug|x64.Build.0 = Debug|Any CPU
		{882EC571-C23D-413F-A046-12219DDEA421}.Release|Any CPU.ActiveCfg = Release|Any CPU
		{882EC571-C23D-413F-A046-12219DDEA421}.Release|Any CPU.Build.0 = Release|Any CPU
		{882EC571-C23D-413F-A046-12219DDEA421}.Release|x64.ActiveCfg = Release|Any CPU
		{882EC571-C23D-413F-A046-12219DDEA421}.Release|x64.Build.0 = Release|Any CPU
		{E617EEF0-3116-44B1-954B-08ACBB132D64}.Debug|Any CPU.ActiveCfg = Debug|Any CPU
		{E617EEF0-3116-44B1-954B-08ACBB132D64}.Debug|Any CPU.Build.0 = Debug|Any CPU
		{E617EEF0-3116-44B1-954B-08ACBB132D64}.Debug|x64.ActiveCfg = Debug|x64
		{E617EEF0-3116-44B1-954B-08ACBB132D64}.Debug|x64.Build.0 = Debug|x64
		{E617EEF0-3116-44B1-954B-08ACBB132D64}.Release|Any CPU.ActiveCfg = Release|Any CPU
		{E617EEF0-3116-44B1-954B-08ACBB132D64}.Release|Any CPU.Build.0 = Release|Any CPU
		{E617EEF0-3116-44B1-954B-08ACBB132D64}.Release|x64.ActiveCfg = Release|x64
		{E617EEF0-3116-44B1-954B-08ACBB132D64}.Release|x64.Build.0 = Release|x64
		{BCBC73BA-E5C7-4CCC-983F-CD2F1ECE42B5}.Debug|Any CPU.ActiveCfg = Debug|Any CPU
		{BCBC73BA-E5C7-4CCC-983F-CD2F1ECE42B5}.Debug|Any CPU.Build.0 = Debug|Any CPU
		{BCBC73BA-E5C7-4CCC-983F-CD2F1ECE42B5}.Debug|x64.ActiveCfg = Debug|Any CPU
		{BCBC73BA-E5C7-4CCC-983F-CD2F1ECE42B5}.Debug|x64.Build.0 = Debug|Any CPU
		{BCBC73BA-E5C7-4CCC-983F-CD2F1ECE42B5}.Release|Any CPU.ActiveCfg = Release|Any CPU
		{BCBC73BA-E5C7-4CCC-983F-CD2F1ECE42B5}.Release|Any CPU.Build.0 = Release|Any CPU
		{BCBC73BA-E5C7-4CCC-983F-CD2F1ECE42B5}.Release|x64.ActiveCfg = Release|Any CPU
		{BCBC73BA-E5C7-4CCC-983F-CD2F1ECE42B5}.Release|x64.Build.0 = Release|Any CPU
		{4074D969-F2A8-478C-9199-CA51A701B147}.Debug|Any CPU.ActiveCfg = Debug|Any CPU
		{4074D969-F2A8-478C-9199-CA51A701B147}.Debug|Any CPU.Build.0 = Debug|Any CPU
		{4074D969-F2A8-478C-9199-CA51A701B147}.Debug|x64.ActiveCfg = Debug|Any CPU
		{4074D969-F2A8-478C-9199-CA51A701B147}.Debug|x64.Build.0 = Debug|Any CPU
		{4074D969-F2A8-478C-9199-CA51A701B147}.Release|Any CPU.ActiveCfg = Release|Any CPU
		{4074D969-F2A8-478C-9199-CA51A701B147}.Release|Any CPU.Build.0 = Release|Any CPU
		{4074D969-F2A8-478C-9199-CA51A701B147}.Release|x64.ActiveCfg = Release|Any CPU
		{4074D969-F2A8-478C-9199-CA51A701B147}.Release|x64.Build.0 = Release|Any CPU
		{5E250480-09AE-4D83-B597-14F2C9A405B0}.Debug|Any CPU.ActiveCfg = Debug|Any CPU
		{5E250480-09AE-4D83-B597-14F2C9A405B0}.Debug|Any CPU.Build.0 = Debug|Any CPU
		{5E250480-09AE-4D83-B597-14F2C9A405B0}.Debug|x64.ActiveCfg = Debug|Any CPU
		{5E250480-09AE-4D83-B597-14F2C9A405B0}.Debug|x64.Build.0 = Debug|Any CPU
		{5E250480-09AE-4D83-B597-14F2C9A405B0}.Release|Any CPU.ActiveCfg = Release|Any CPU
		{5E250480-09AE-4D83-B597-14F2C9A405B0}.Release|Any CPU.Build.0 = Release|Any CPU
		{5E250480-09AE-4D83-B597-14F2C9A405B0}.Release|x64.ActiveCfg = Release|Any CPU
		{5E250480-09AE-4D83-B597-14F2C9A405B0}.Release|x64.Build.0 = Release|Any CPU
		{A8000375-CA8F-42E9-975A-76E79BD02B26}.Debug|Any CPU.ActiveCfg = Debug|Any CPU
		{A8000375-CA8F-42E9-975A-76E79BD02B26}.Debug|Any CPU.Build.0 = Debug|Any CPU
		{A8000375-CA8F-42E9-975A-76E79BD02B26}.Debug|x64.ActiveCfg = Debug|Any CPU
		{A8000375-CA8F-42E9-975A-76E79BD02B26}.Debug|x64.Build.0 = Debug|Any CPU
		{A8000375-CA8F-42E9-975A-76E79BD02B26}.Release|Any CPU.ActiveCfg = Release|Any CPU
		{A8000375-CA8F-42E9-975A-76E79BD02B26}.Release|Any CPU.Build.0 = Release|Any CPU
		{A8000375-CA8F-42E9-975A-76E79BD02B26}.Release|x64.ActiveCfg = Release|Any CPU
		{A8000375-CA8F-42E9-975A-76E79BD02B26}.Release|x64.Build.0 = Release|Any CPU
		{67686AFE-FF50-40B0-A882-46D00A1DE1BE}.Debug|Any CPU.ActiveCfg = Debug|Any CPU
		{67686AFE-FF50-40B0-A882-46D00A1DE1BE}.Debug|Any CPU.Build.0 = Debug|Any CPU
		{67686AFE-FF50-40B0-A882-46D00A1DE1BE}.Debug|x64.ActiveCfg = Debug|Any CPU
		{67686AFE-FF50-40B0-A882-46D00A1DE1BE}.Debug|x64.Build.0 = Debug|Any CPU
		{67686AFE-FF50-40B0-A882-46D00A1DE1BE}.Release|Any CPU.ActiveCfg = Release|Any CPU
		{67686AFE-FF50-40B0-A882-46D00A1DE1BE}.Release|Any CPU.Build.0 = Release|Any CPU
		{67686AFE-FF50-40B0-A882-46D00A1DE1BE}.Release|x64.ActiveCfg = Release|Any CPU
		{67686AFE-FF50-40B0-A882-46D00A1DE1BE}.Release|x64.Build.0 = Release|Any CPU
		{1A7FD4A8-49FC-4A6F-A42B-86B7C22AF4E2}.Debug|Any CPU.ActiveCfg = Debug|Any CPU
		{1A7FD4A8-49FC-4A6F-A42B-86B7C22AF4E2}.Debug|Any CPU.Build.0 = Debug|Any CPU
		{1A7FD4A8-49FC-4A6F-A42B-86B7C22AF4E2}.Debug|x64.ActiveCfg = Debug|Any CPU
		{1A7FD4A8-49FC-4A6F-A42B-86B7C22AF4E2}.Debug|x64.Build.0 = Debug|Any CPU
		{1A7FD4A8-49FC-4A6F-A42B-86B7C22AF4E2}.Release|Any CPU.ActiveCfg = Release|Any CPU
		{1A7FD4A8-49FC-4A6F-A42B-86B7C22AF4E2}.Release|Any CPU.Build.0 = Release|Any CPU
		{1A7FD4A8-49FC-4A6F-A42B-86B7C22AF4E2}.Release|x64.ActiveCfg = Release|Any CPU
		{1A7FD4A8-49FC-4A6F-A42B-86B7C22AF4E2}.Release|x64.Build.0 = Release|Any CPU
		{34F302AD-BF9B-463A-B86B-1A4F689B5E31}.Debug|Any CPU.ActiveCfg = Debug|Any CPU
		{34F302AD-BF9B-463A-B86B-1A4F689B5E31}.Debug|Any CPU.Build.0 = Debug|Any CPU
		{34F302AD-BF9B-463A-B86B-1A4F689B5E31}.Debug|x64.ActiveCfg = Debug|Any CPU
		{34F302AD-BF9B-463A-B86B-1A4F689B5E31}.Debug|x64.Build.0 = Debug|Any CPU
		{34F302AD-BF9B-463A-B86B-1A4F689B5E31}.Release|Any CPU.ActiveCfg = Release|Any CPU
		{34F302AD-BF9B-463A-B86B-1A4F689B5E31}.Release|Any CPU.Build.0 = Release|Any CPU
		{34F302AD-BF9B-463A-B86B-1A4F689B5E31}.Release|x64.ActiveCfg = Release|Any CPU
		{34F302AD-BF9B-463A-B86B-1A4F689B5E31}.Release|x64.Build.0 = Release|Any CPU
		{57EE044B-F7FB-41FB-9F50-91D18354E57D}.Debug|Any CPU.ActiveCfg = Debug|Any CPU
		{57EE044B-F7FB-41FB-9F50-91D18354E57D}.Debug|Any CPU.Build.0 = Debug|Any CPU
		{57EE044B-F7FB-41FB-9F50-91D18354E57D}.Debug|x64.ActiveCfg = Debug|Any CPU
		{57EE044B-F7FB-41FB-9F50-91D18354E57D}.Debug|x64.Build.0 = Debug|Any CPU
		{57EE044B-F7FB-41FB-9F50-91D18354E57D}.Release|Any CPU.ActiveCfg = Release|Any CPU
		{57EE044B-F7FB-41FB-9F50-91D18354E57D}.Release|Any CPU.Build.0 = Release|Any CPU
		{57EE044B-F7FB-41FB-9F50-91D18354E57D}.Release|x64.ActiveCfg = Release|Any CPU
		{57EE044B-F7FB-41FB-9F50-91D18354E57D}.Release|x64.Build.0 = Release|Any CPU
		{1CAC60CB-3802-4CFD-8D09-21317BA56433}.Debug|Any CPU.ActiveCfg = Debug|Any CPU
		{1CAC60CB-3802-4CFD-8D09-21317BA56433}.Debug|Any CPU.Build.0 = Debug|Any CPU
		{1CAC60CB-3802-4CFD-8D09-21317BA56433}.Debug|x64.ActiveCfg = Debug|Any CPU
		{1CAC60CB-3802-4CFD-8D09-21317BA56433}.Debug|x64.Build.0 = Debug|Any CPU
		{1CAC60CB-3802-4CFD-8D09-21317BA56433}.Release|Any CPU.ActiveCfg = Release|Any CPU
		{1CAC60CB-3802-4CFD-8D09-21317BA56433}.Release|Any CPU.Build.0 = Release|Any CPU
		{1CAC60CB-3802-4CFD-8D09-21317BA56433}.Release|x64.ActiveCfg = Release|Any CPU
		{1CAC60CB-3802-4CFD-8D09-21317BA56433}.Release|x64.Build.0 = Release|Any CPU
		{0FC8A51A-B12D-4CCC-97A6-B24852BEA44F}.Debug|Any CPU.ActiveCfg = Debug|Any CPU
		{0FC8A51A-B12D-4CCC-97A6-B24852BEA44F}.Debug|Any CPU.Build.0 = Debug|Any CPU
		{0FC8A51A-B12D-4CCC-97A6-B24852BEA44F}.Debug|x64.ActiveCfg = Debug|Any CPU
		{0FC8A51A-B12D-4CCC-97A6-B24852BEA44F}.Debug|x64.Build.0 = Debug|Any CPU
		{0FC8A51A-B12D-4CCC-97A6-B24852BEA44F}.Release|Any CPU.ActiveCfg = Release|Any CPU
		{0FC8A51A-B12D-4CCC-97A6-B24852BEA44F}.Release|Any CPU.Build.0 = Release|Any CPU
		{0FC8A51A-B12D-4CCC-97A6-B24852BEA44F}.Release|x64.ActiveCfg = Release|Any CPU
		{0FC8A51A-B12D-4CCC-97A6-B24852BEA44F}.Release|x64.Build.0 = Release|Any CPU
		{20F06BA5-238C-482E-8D8A-F4CA590F34D3}.Debug|Any CPU.ActiveCfg = Debug|Any CPU
		{20F06BA5-238C-482E-8D8A-F4CA590F34D3}.Debug|Any CPU.Build.0 = Debug|Any CPU
		{20F06BA5-238C-482E-8D8A-F4CA590F34D3}.Debug|x64.ActiveCfg = Debug|Any CPU
		{20F06BA5-238C-482E-8D8A-F4CA590F34D3}.Debug|x64.Build.0 = Debug|Any CPU
		{20F06BA5-238C-482E-8D8A-F4CA590F34D3}.Release|Any CPU.ActiveCfg = Release|Any CPU
		{20F06BA5-238C-482E-8D8A-F4CA590F34D3}.Release|Any CPU.Build.0 = Release|Any CPU
		{20F06BA5-238C-482E-8D8A-F4CA590F34D3}.Release|x64.ActiveCfg = Release|Any CPU
		{20F06BA5-238C-482E-8D8A-F4CA590F34D3}.Release|x64.Build.0 = Release|Any CPU
		{AB4BED0E-3AC1-45FA-BA0D-6A676D6A2B00}.Debug|Any CPU.ActiveCfg = Debug|Any CPU
		{AB4BED0E-3AC1-45FA-BA0D-6A676D6A2B00}.Debug|Any CPU.Build.0 = Debug|Any CPU
		{AB4BED0E-3AC1-45FA-BA0D-6A676D6A2B00}.Debug|x64.ActiveCfg = Debug|Any CPU
		{AB4BED0E-3AC1-45FA-BA0D-6A676D6A2B00}.Debug|x64.Build.0 = Debug|Any CPU
		{AB4BED0E-3AC1-45FA-BA0D-6A676D6A2B00}.Release|Any CPU.ActiveCfg = Release|Any CPU
		{AB4BED0E-3AC1-45FA-BA0D-6A676D6A2B00}.Release|Any CPU.Build.0 = Release|Any CPU
		{AB4BED0E-3AC1-45FA-BA0D-6A676D6A2B00}.Release|x64.ActiveCfg = Release|Any CPU
		{AB4BED0E-3AC1-45FA-BA0D-6A676D6A2B00}.Release|x64.Build.0 = Release|Any CPU
		{897C437B-9608-48EF-81D5-65F7ED2CF3EA}.Debug|Any CPU.ActiveCfg = Debug|Any CPU
		{897C437B-9608-48EF-81D5-65F7ED2CF3EA}.Debug|Any CPU.Build.0 = Debug|Any CPU
		{897C437B-9608-48EF-81D5-65F7ED2CF3EA}.Debug|x64.ActiveCfg = Debug|Any CPU
		{897C437B-9608-48EF-81D5-65F7ED2CF3EA}.Debug|x64.Build.0 = Debug|Any CPU
		{897C437B-9608-48EF-81D5-65F7ED2CF3EA}.Release|Any CPU.ActiveCfg = Release|Any CPU
		{897C437B-9608-48EF-81D5-65F7ED2CF3EA}.Release|Any CPU.Build.0 = Release|Any CPU
		{897C437B-9608-48EF-81D5-65F7ED2CF3EA}.Release|x64.ActiveCfg = Release|Any CPU
		{897C437B-9608-48EF-81D5-65F7ED2CF3EA}.Release|x64.Build.0 = Release|Any CPU
		{AD687996-C49E-4A9C-B899-6B662C864F89}.Debug|Any CPU.ActiveCfg = Debug|Any CPU
		{AD687996-C49E-4A9C-B899-6B662C864F89}.Debug|Any CPU.Build.0 = Debug|Any CPU
		{AD687996-C49E-4A9C-B899-6B662C864F89}.Debug|x64.ActiveCfg = Debug|Any CPU
		{AD687996-C49E-4A9C-B899-6B662C864F89}.Debug|x64.Build.0 = Debug|Any CPU
		{AD687996-C49E-4A9C-B899-6B662C864F89}.Release|Any CPU.ActiveCfg = Release|Any CPU
		{AD687996-C49E-4A9C-B899-6B662C864F89}.Release|Any CPU.Build.0 = Release|Any CPU
		{AD687996-C49E-4A9C-B899-6B662C864F89}.Release|x64.ActiveCfg = Release|Any CPU
		{AD687996-C49E-4A9C-B899-6B662C864F89}.Release|x64.Build.0 = Release|Any CPU
	EndGlobalSection
	GlobalSection(SolutionProperties) = preSolution
		HideSolutionNode = FALSE
	EndGlobalSection
	GlobalSection(NestedProjects) = preSolution
		{CB4DAF9C-9E6A-4C88-83F4-BC0CF6395576} = {9F8E0F09-12D0-4B24-80D3-84C87A6D3567}
		{F72E8E13-BF46-4FCE-9778-276099AD1CE3} = {9F8E0F09-12D0-4B24-80D3-84C87A6D3567}
		{4DA13AEC-2D87-4AEE-9623-E14D2E40EB07} = {9F8E0F09-12D0-4B24-80D3-84C87A6D3567}
		{D8657A79-19E3-41BA-ABBF-C3539E70260E} = {BC17B6CA-24BD-4477-97CA-0AD89E12BFFA}
		{A5D3065A-9FCC-4C90-B5A0-918538EDDC52} = {9F8E0F09-12D0-4B24-80D3-84C87A6D3567}
		{C9941DFC-4EBE-4EF5-8E6B-EFCCCFF2BD18} = {A5D3065A-9FCC-4C90-B5A0-918538EDDC52}
		{6DDA7029-926D-4100-A0D7-68B026A5CDFA} = {EFCCD9E8-3E58-490D-B7A0-5358C029DA15}
		{0960AF14-5EFE-4BD2-9AF6-F51599DFE428} = {BC17B6CA-24BD-4477-97CA-0AD89E12BFFA}
		{5073EA11-84FD-46FF-BE86-71F8DDB835A4} = {BC17B6CA-24BD-4477-97CA-0AD89E12BFFA}
		{49E522EE-EC92-4D86-B2F4-81B2878E33D5} = {1DD3AE6B-9CB8-49C9-9D0C-674B798A979E}
		{0605E1C4-C876-45F0-AF47-EB4820BA625A} = {1DD3AE6B-9CB8-49C9-9D0C-674B798A979E}
		{5527E21B-4DE2-4581-B11D-2B9A2DED8BEF} = {A7CBB4A6-CB2A-4F72-820D-74BD10044AE7}
		{F94B78DB-1261-44FB-85B8-06C50A76CD3F} = {4D449808-DD81-40A6-B859-86A8F0D278DD}
		{D76B5FD4-6EA7-4EC0-95C2-BB32ACE9D7FF} = {E16EC330-6156-4715-B0A8-245837C25711}
		{DAD95F95-2803-46E5-ACCF-A20171977738} = {E16EC330-6156-4715-B0A8-245837C25711}
		{EDB59F5C-0E79-41DC-A481-6C4A3339A65F} = {BC17B6CA-24BD-4477-97CA-0AD89E12BFFA}
		{882EC571-C23D-413F-A046-12219DDEA421} = {A7CBB4A6-CB2A-4F72-820D-74BD10044AE7}
		{E617EEF0-3116-44B1-954B-08ACBB132D64} = {9F8E0F09-12D0-4B24-80D3-84C87A6D3567}
		{BCBC73BA-E5C7-4CCC-983F-CD2F1ECE42B5} = {BC17B6CA-24BD-4477-97CA-0AD89E12BFFA}
		{4074D969-F2A8-478C-9199-CA51A701B147} = {1DD3AE6B-9CB8-49C9-9D0C-674B798A979E}
		{5E250480-09AE-4D83-B597-14F2C9A405B0} = {7730E848-4E0D-42E5-AF32-64D03687C5EC}
		{A8000375-CA8F-42E9-975A-76E79BD02B26} = {7730E848-4E0D-42E5-AF32-64D03687C5EC}
		{67686AFE-FF50-40B0-A882-46D00A1DE1BE} = {A7CBB4A6-CB2A-4F72-820D-74BD10044AE7}
		{1A7FD4A8-49FC-4A6F-A42B-86B7C22AF4E2} = {E16EC330-6156-4715-B0A8-245837C25711}
		{34F302AD-BF9B-463A-B86B-1A4F689B5E31} = {A7CBB4A6-CB2A-4F72-820D-74BD10044AE7}
		{57EE044B-F7FB-41FB-9F50-91D18354E57D} = {ED370F7C-E334-49EE-9C1B-71080288E078}
		{1CAC60CB-3802-4CFD-8D09-21317BA56433} = {EFCCD9E8-3E58-490D-B7A0-5358C029DA15}
		{0FC8A51A-B12D-4CCC-97A6-B24852BEA44F} = {BC17B6CA-24BD-4477-97CA-0AD89E12BFFA}
		{BC17B6CA-24BD-4477-97CA-0AD89E12BFFA} = {E6748537-5658-41F7-88E0-CC4AAADC5E97}
		{7CD5268F-8A5F-40B3-9E9C-7A287EE69D1D} = {E6748537-5658-41F7-88E0-CC4AAADC5E97}
		{1DD3AE6B-9CB8-49C9-9D0C-674B798A979E} = {E6748537-5658-41F7-88E0-CC4AAADC5E97}
		{7730E848-4E0D-42E5-AF32-64D03687C5EC} = {E6748537-5658-41F7-88E0-CC4AAADC5E97}
		{E16EC330-6156-4715-B0A8-245837C25711} = {E6748537-5658-41F7-88E0-CC4AAADC5E97}
		{A7CBB4A6-CB2A-4F72-820D-74BD10044AE7} = {E6748537-5658-41F7-88E0-CC4AAADC5E97}
		{EFCCD9E8-3E58-490D-B7A0-5358C029DA15} = {E6748537-5658-41F7-88E0-CC4AAADC5E97}
		{ED370F7C-E334-49EE-9C1B-71080288E078} = {E6748537-5658-41F7-88E0-CC4AAADC5E97}
		{4D449808-DD81-40A6-B859-86A8F0D278DD} = {E6748537-5658-41F7-88E0-CC4AAADC5E97}
		{AB4BED0E-3AC1-45FA-BA0D-6A676D6A2B00} = {7CD5268F-8A5F-40B3-9E9C-7A287EE69D1D}
		{897C437B-9608-48EF-81D5-65F7ED2CF3EA} = {7CD5268F-8A5F-40B3-9E9C-7A287EE69D1D}
		{AD687996-C49E-4A9C-B899-6B662C864F89} = {7CD5268F-8A5F-40B3-9E9C-7A287EE69D1D}
	EndGlobalSection
	GlobalSection(ExtensibilityGlobals) = postSolution
		SolutionGuid = {BBE7DC1A-0F17-41CE-B205-8B3751B0072D}
	EndGlobalSection
EndGlobal
